#MicroXplorer Configuration settings - do not modify
Mcu.Family=STM32F1
RCC.PLLSourceVirtual=RCC_PLLSOURCE_HSE
ProjectManager.MainLocation=Core/Src
RCC.MCOFreq_Value=72000000
NVIC.EXTI4_IRQn=true\:0\:0\:false\:false\:true\:true\:true
PA6.Mode=Full_Duplex_Slave
Dma.SPI1_TX.0.MemInc=DMA_MINC_ENABLE
ProjectManager.ProjectFileName=powerboard.ioc
Dma.SPI1_TX.0.PeriphInc=DMA_PINC_DISABLE
Dma.SPI1_RX.1.Mode=DMA_NORMAL
PA7.Mode=Full_Duplex_Slave
PD1-OSC_OUT.Mode=HSE-External-Oscillator
ProjectManager.KeepUserCode=true
Mcu.UserName=STM32F103C8Tx
Mcu.PinsNb=17
SPI1.VirtualType=VM_SLAVE
SPI2.VirtualType=VM_MASTER
TIM3.AutoReloadPreload=TIM_AUTORELOAD_PRELOAD_DISABLE
ProjectManager.NoMain=false
SPI1.IPParameters=VirtualType,Mode,Direction,BaudRatePrescaler,CalculateBaudRate,CLKPolarity,CLKPhase
Dma.SPI1_RX.1.MemDataAlignment=DMA_MDATAALIGN_BYTE
RCC.PLLCLKFreq_Value=72000000
ProjectManager.functionlistsort=1-MX_GPIO_Init-GPIO-false-HAL-true,2-SystemClock_Config-RCC-false-HAL-false,3-MX_DMA_Init-DMA-false-HAL-true,4-MX_SPI1_Init-SPI1-false-HAL-true,5-MX_SPI2_Init-SPI2-false-HAL-true,6-MX_TIM3_Init-TIM3-false-HAL-true
PA3.GPIOParameters=GPIO_Label
RCC.ADCFreqValue=36000000
ProjectManager.DefaultFWLocation=true
SPI1.CLKPhase=SPI_PHASE_1EDGE
PD0-OSC_IN.Signal=RCC_OSC_IN
PB12.Locked=true
ProjectManager.DeletePrevious=true
RCC.APB1CLKDivider=RCC_HCLK_DIV2
PB13.Signal=SPI2_SCK
PB15.Signal=SPI2_MOSI
PinOutPanel.RotationAngle=0
RCC.FamilyName=M
RCC.SYSCLKSource=RCC_SYSCLKSOURCE_PLLCLK
ProjectManager.StackSize=0x400
PD1-OSC_OUT.Signal=RCC_OSC_OUT
NVIC.DMA1_Channel3_IRQn=true\:0\:0\:false\:false\:true\:false\:true
PA13.Signal=SYS_JTMS-SWDIO
Mcu.IP4=SPI2
RCC.FCLKCortexFreq_Value=72000000
Mcu.IP5=SYS
NVIC.SVCall_IRQn=true\:0\:0\:false\:false\:true\:false\:false
Mcu.IP2=RCC
Mcu.IP3=SPI1
Mcu.IP0=DMA
Mcu.IP1=NVIC
Dma.SPI1_TX.0.RequestParameters=Instance,Direction,PeriphInc,MemInc,PeriphDataAlignment,MemDataAlignment,Mode,Priority
SPI1.CLKPolarity=SPI_POLARITY_LOW
SPI2.CLKPolarity=SPI_POLARITY_HIGH
Mcu.UserConstants=
NVIC.DMA1_Channel2_IRQn=true\:0\:0\:false\:false\:true\:false\:true
ProjectManager.TargetToolchain=STM32CubeIDE
Dma.SPI1_RX.1.PeriphInc=DMA_PINC_DISABLE
Mcu.ThirdPartyNb=0
SPI1.Direction=SPI_DIRECTION_2LINES
Dma.SPI1_TX.0.PeriphDataAlignment=DMA_PDATAALIGN_BYTE
RCC.HCLKFreq_Value=72000000
Dma.SPI1_TX.0.Direction=DMA_MEMORY_TO_PERIPH
Mcu.IPNb=7
ProjectManager.PreviousToolchain=
RCC.APB2TimFreq_Value=72000000
TIM3.Period=65535
SPI1.CalculateBaudRate=18.0 MBits/s
SPI2.IPParameters=VirtualType,Mode,Direction,CalculateBaudRate,DataSize,BaudRatePrescaler,CLKPolarity
Mcu.Pin6=PA6
Mcu.Pin7=PA7
ProjectManager.RegisterCallBack=SPI
Mcu.Pin8=PB12
RCC.USBFreq_Value=72000000
Mcu.Pin9=PB13
VP_TIM3_VS_ClockSourceINT.Signal=TIM3_VS_ClockSourceINT
PA1.Signal=GPIO_Output
RCC.AHBFreq_Value=72000000
SPI2.BaudRatePrescaler=SPI_BAUDRATEPRESCALER_32
Mcu.Pin0=PD0-OSC_IN
Mcu.Pin1=PD1-OSC_OUT
GPIO.groupedBy=Group By Peripherals
PD0-OSC_IN.Mode=HSE-External-Oscillator
Mcu.Pin2=PA1
Mcu.Pin3=PA3
TIM3.ClockDivision=TIM_CLOCKDIVISION_DIV1
Mcu.Pin4=PA4
PB14.Signal=SPI2_MISO
Mcu.Pin5=PA5
PA5.Signal=SPI1_SCK
ProjectManager.ProjectBuild=false
NVIC.UsageFault_IRQn=true\:0\:0\:false\:false\:true\:false\:false
Dma.SPI1_RX.1.RequestParameters=Instance,Direction,PeriphInc,MemInc,PeriphDataAlignment,MemDataAlignment,Mode,Priority
NVIC.DebugMonitor_IRQn=true\:0\:0\:false\:false\:true\:false\:false
PA4.GPIO_PuPd=GPIO_PULLUP
Dma.SPI1_RX.1.Priority=DMA_PRIORITY_HIGH
board=custom
PA4.Locked=true
NVIC.SysTick_IRQn=true\:0\:0\:false\:false\:true\:false\:true
ProjectManager.LastFirmware=true
RCC.PLLMUL=RCC_PLL_MUL9
PB15.Mode=Full_Duplex_Master
NVIC.TIM3_IRQn=true\:0\:0\:false\:false\:true\:true\:true
RCC.VCOOutput2Freq_Value=8000000
NVIC.SPI1_IRQn=true\:0\:0\:false\:false\:true\:true\:true
ProjectManager.FirmwarePackage=STM32Cube FW_F1 V1.8.4
MxDb.Version=DB.6.0.21
RCC.APB2Freq_Value=72000000
PA1.GPIOParameters=GPIO_Label
ProjectManager.BackupPrevious=false
MxCube.Version=6.2.1
SPI1.Mode=SPI_MODE_SLAVE
PA14.Mode=Serial_Wire
PB14.Mode=Full_Duplex_Master
TIM3.Prescaler=71
File.Version=6
PA1.GPIO_Label=POWER_ENA
VP_SYS_VS_Systick.Mode=SysTick
SPI2.CalculateBaudRate=1.125 MBits/s
TIM3.IPParameters=Prescaler,AutoReloadPreload,ClockDivision,Period
PB3.GPIOParameters=GPIO_Label
Dma.SPI1_TX.0.Instance=DMA1_Channel3
NVIC.NonMaskableInt_IRQn=true\:0\:0\:false\:false\:true\:false\:false
PA4.GPIOParameters=GPIO_PuPd,GPIO_Label
NVIC.PendSV_IRQn=true\:0\:0\:false\:false\:true\:false\:false
PA13.Mode=Serial_Wire
ProjectManager.FreePins=false
RCC.IPParameters=ADCFreqValue,AHBFreq_Value,APB1CLKDivider,APB1Freq_Value,APB1TimFreq_Value,APB2Freq_Value,APB2TimFreq_Value,FCLKCortexFreq_Value,FamilyName,HCLKFreq_Value,MCOFreq_Value,PLLCLKFreq_Value,PLLMCOFreq_Value,PLLMUL,PLLSourceVirtual,SYSCLKFreq_VALUE,SYSCLKSource,TimSysFreq_Value,USBFreq_Value,VCOOutput2Freq_Value
ProjectManager.AskForMigrate=true
Mcu.Name=STM32F103C(8-B)Tx
Dma.RequestsNb=2
ProjectManager.HalAssertFull=false
Dma.SPI1_RX.1.Direction=DMA_PERIPH_TO_MEMORY
ProjectManager.ProjectName=powerboard
ProjectManager.UnderRoot=true
Dma.SPI1_RX.1.PeriphDataAlignment=DMA_PDATAALIGN_BYTE
Mcu.IP6=TIM3
RCC.PLLMCOFreq_Value=36000000
ProjectManager.CoupleFile=false
Dma.SPI1_TX.0.Mode=DMA_NORMAL
PB3.Signal=GPIO_Output
PA4.Signal=GPXTI4
RCC.SYSCLKFreq_VALUE=72000000
Mcu.Package=LQFP48
PA6.Signal=SPI1_MISO
RCC.TimSysFreq_Value=72000000
PA1.Locked=true
PA3.Locked=true
SPI2.Mode=SPI_MODE_MASTER
SH.GPXTI4.0=GPIO_EXTI4
NVIC.ForceEnableDMAVector=true
KeepUserPlacement=false
NVIC.MemoryManagement_IRQn=true\:0\:0\:false\:false\:true\:false\:false
ProjectManager.CompilerOptimize=6
ProjectManager.ToolChainLocation=
VP_SYS_VS_Systick.Signal=SYS_VS_Systick
PA14.Signal=SYS_JTCK-SWCLK
ProjectManager.HeapSize=0x200
Dma.SPI1_TX.0.Priority=DMA_PRIORITY_HIGH
Dma.SPI1_TX.0.MemDataAlignment=DMA_MDATAALIGN_BYTE
Mcu.Pin15=VP_SYS_VS_Systick
NVIC.HardFault_IRQn=true\:0\:0\:false\:false\:true\:false\:false
Mcu.Pin16=VP_TIM3_VS_ClockSourceINT
SH.GPXTI4.ConfNb=1
Mcu.Pin13=PA14
Mcu.Pin14=PB3
ProjectManager.ComputerToolchain=false
NVIC.PriorityGroup=NVIC_PRIORITYGROUP_4
Mcu.Pin11=PB15
Mcu.Pin12=PA13
Mcu.Pin10=PB14
Dma.Request1=SPI1_RX
RCC.APB1TimFreq_Value=72000000
NVIC.BusFault_IRQn=true\:0\:0\:false\:false\:true\:false\:false
SPI2.DataSize=SPI_DATASIZE_8BIT
SPI2.Direction=SPI_DIRECTION_2LINES
PB13.Mode=Full_Duplex_Master
Dma.Request0=SPI1_TX
RCC.APB1Freq_Value=36000000
SPI1.BaudRatePrescaler=SPI_BAUDRATEPRESCALER_4
Dma.SPI1_RX.1.MemInc=DMA_MINC_ENABLE
PA4.GPIO_Label=SPI1_CS
ProjectManager.CustomerFirmwarePackage=
VP_TIM3_VS_ClockSourceINT.Mode=Internal
ProjectManager.DeviceId=STM32F103C8Tx
PB12.Signal=GPIO_Output
ProjectManager.LibraryCopy=1
PB3.Locked=true
PA3.GPIO_Label=DCDC_ENA
PA3.Signal=GPIO_Output
PA5.Mode=Full_Duplex_Slave
PA7.Signal=SPI1_MOSI
PB3.GPIO_Label=LED
Dma.SPI1_RX.1.Instance=DMA1_Channel2
isbadioc=false
